{
    "_readme": [
        "This file locks the dependencies of your project to a known state",
        "Read more about it at https://getcomposer.org/doc/01-basic-usage.md#installing-dependencies",
        "This file is @generated automatically"
    ],
    "content-hash": "79bab7c6d070b0f0a2bad170b329777c",
    "packages": [
        {
            "name": "psr/container",
            "version": "2.0.2",
            "source": {
                "type": "git",
                "url": "https://github.com/php-fig/container.git",
                "reference": "c71ecc56dfe541dbd90c5360474fbc405f8d5963"
            },
            "dist": {
                "type": "zip",
                "url": "https://api.github.com/repos/php-fig/container/zipball/c71ecc56dfe541dbd90c5360474fbc405f8d5963",
                "reference": "c71ecc56dfe541dbd90c5360474fbc405f8d5963",
                "shasum": ""
            },
            "require": {
                "php": ">=7.4.0"
            },
            "type": "library",
            "extra": {
                "branch-alias": {
                    "dev-master": "2.0.x-dev"
                }
            },
            "autoload": {
                "psr-4": {
                    "Psr\\Container\\": "src/"
                }
            },
            "notification-url": "https://packagist.org/downloads/",
            "license": [
                "MIT"
            ],
            "authors": [
                {
                    "name": "PHP-FIG",
                    "homepage": "https://www.php-fig.org/"
                }
            ],
            "description": "Common Container Interface (PHP FIG PSR-11)",
            "homepage": "https://github.com/php-fig/container",
            "keywords": [
                "PSR-11",
                "container",
                "container-interface",
                "container-interop",
                "psr"
            ],
            "support": {
                "issues": "https://github.com/php-fig/container/issues",
                "source": "https://github.com/php-fig/container/tree/2.0.2"
            },
            "time": "2021-11-05T16:47:00+00:00"
        },
        {
            "name": "psr/event-dispatcher",
            "version": "1.0.0",
            "source": {
                "type": "git",
                "url": "https://github.com/php-fig/event-dispatcher.git",
                "reference": "dbefd12671e8a14ec7f180cab83036ed26714bb0"
            },
            "dist": {
                "type": "zip",
                "url": "https://api.github.com/repos/php-fig/event-dispatcher/zipball/dbefd12671e8a14ec7f180cab83036ed26714bb0",
                "reference": "dbefd12671e8a14ec7f180cab83036ed26714bb0",
                "shasum": ""
            },
            "require": {
                "php": ">=7.2.0"
            },
            "type": "library",
            "extra": {
                "branch-alias": {
                    "dev-master": "1.0.x-dev"
                }
            },
            "autoload": {
                "psr-4": {
                    "Psr\\EventDispatcher\\": "src/"
                }
            },
            "notification-url": "https://packagist.org/downloads/",
            "license": [
                "MIT"
            ],
            "authors": [
                {
                    "name": "PHP-FIG",
                    "homepage": "http://www.php-fig.org/"
                }
            ],
            "description": "Standard interfaces for event handling.",
            "keywords": [
                "events",
                "psr",
                "psr-14"
            ],
            "support": {
                "issues": "https://github.com/php-fig/event-dispatcher/issues",
                "source": "https://github.com/php-fig/event-dispatcher/tree/1.0.0"
            },
            "time": "2019-01-08T18:20:26+00:00"
        },
        {
            "name": "psr/log",
            "version": "3.0.2",
            "source": {
                "type": "git",
                "url": "https://github.com/php-fig/log.git",
                "reference": "f16e1d5863e37f8d8c2a01719f5b34baa2b714d3"
            },
            "dist": {
                "type": "zip",
                "url": "https://api.github.com/repos/php-fig/log/zipball/f16e1d5863e37f8d8c2a01719f5b34baa2b714d3",
                "reference": "f16e1d5863e37f8d8c2a01719f5b34baa2b714d3",
                "shasum": ""
            },
            "require": {
                "php": ">=8.0.0"
            },
            "type": "library",
            "extra": {
                "branch-alias": {
                    "dev-master": "3.x-dev"
                }
            },
            "autoload": {
                "psr-4": {
                    "Psr\\Log\\": "src"
                }
            },
            "notification-url": "https://packagist.org/downloads/",
            "license": [
                "MIT"
            ],
            "authors": [
                {
                    "name": "PHP-FIG",
                    "homepage": "https://www.php-fig.org/"
                }
            ],
            "description": "Common interface for logging libraries",
            "homepage": "https://github.com/php-fig/log",
            "keywords": [
                "log",
                "psr",
                "psr-3"
            ],
            "support": {
                "source": "https://github.com/php-fig/log/tree/3.0.2"
            },
            "time": "2024-09-11T13:17:53+00:00"
        },
        {
            "name": "tempest/container",
            "version": "v1.5.1",
            "source": {
                "type": "git",
                "url": "https://github.com/tempestphp/tempest-container.git",
                "reference": "427c476d14d18958d3d390ec54312b0cfc445c20"
            },
            "dist": {
                "type": "zip",
                "url": "https://api.github.com/repos/tempestphp/tempest-container/zipball/427c476d14d18958d3d390ec54312b0cfc445c20",
                "reference": "427c476d14d18958d3d390ec54312b0cfc445c20",
                "shasum": ""
            },
            "require": {
                "php": "^8.4",
                "tempest/reflection": "1.5.1"
            },
            "type": "library",
            "autoload": {
                "files": [
                    "src/functions.php"
                ],
                "psr-4": {
                    "Tempest\\Container\\": "src"
                }
            },
            "notification-url": "https://packagist.org/downloads/",
            "license": [
                "MIT"
            ],
            "description": "The container component is where the initialization of services and their dependencies are managed.",
            "support": {
                "source": "https://github.com/tempestphp/tempest-container/tree/v1.5.1"
            },
            "time": "2025-07-29T07:57:18+00:00"
        },
        {
            "name": "tempest/discovery",
            "version": "v1.5.1",
            "source": {
                "type": "git",
                "url": "https://github.com/tempestphp/tempest-discovery.git",
                "reference": "041c3ef05c04616aa193cbe40cbbf114ffcc0474"
            },
            "dist": {
                "type": "zip",
                "url": "https://api.github.com/repos/tempestphp/tempest-discovery/zipball/041c3ef05c04616aa193cbe40cbbf114ffcc0474",
                "reference": "041c3ef05c04616aa193cbe40cbbf114ffcc0474",
                "shasum": ""
            },
            "require": {
                "php": "^8.4",
                "tempest/reflection": "1.5.1"
            },
            "type": "library",
            "autoload": {
                "psr-4": {
                    "Tempest\\Discovery\\": "src"
                }
            },
            "notification-url": "https://packagist.org/downloads/",
            "license": [
                "MIT"
            ],
            "description": "Discover PHP classes and files",
            "support": {
                "source": "https://github.com/tempestphp/tempest-discovery/tree/v1.5.1"
            },
            "time": "2025-07-29T07:57:05+00:00"
        },
        {
            "name": "tempest/reflection",
            "version": "v1.5.1",
            "source": {
                "type": "git",
                "url": "https://github.com/tempestphp/tempest-reflection.git",
                "reference": "9d7701d461a3480360ec0785d0cdb1722924a8c4"
            },
            "dist": {
                "type": "zip",
                "url": "https://api.github.com/repos/tempestphp/tempest-reflection/zipball/9d7701d461a3480360ec0785d0cdb1722924a8c4",
                "reference": "9d7701d461a3480360ec0785d0cdb1722924a8c4",
                "shasum": ""
            },
            "require": {
                "php": "^8.4"
            },
            "type": "library",
            "autoload": {
                "files": [
                    "src/functions.php"
                ],
                "psr-4": {
                    "Tempest\\Reflection\\": "src"
                }
            },
            "notification-url": "https://packagist.org/downloads/",
            "license": [
                "MIT"
            ],
            "description": "A component for reflection.",
            "support": {
                "issues": "https://github.com/tempestphp/tempest-reflection/issues",
                "source": "https://github.com/tempestphp/tempest-reflection/tree/v1.5.1"
            },
            "time": "2025-07-06T13:16:56+00:00"
        }
    ],
    "packages-dev": [],
    "aliases": [],
    "minimum-stability": "stable",
    "stability-flags": {},
    "prefer-stable": false,
    "prefer-lowest": false,
    "platform": {},
    "platform-dev": {},
    "plugin-api-version": "2.6.0"
}
